// !$*UTF8*$!
{
	archiveVersion = 1;
	classes = {
	};
	objectVersion = 56;
	objects = {

/* Begin PBXBuildFile section */
		5BDD91BC1F7604110512C693 /* Pods_Bubbly.framework in Frameworks */ = {isa = PBXBuildFile; fileRef = 7B84E2EECEA85903D77B818F /* Pods_Bubbly.framework */; };
		CE3B82DE2CB1378700066EA9 /* LoginViewController.swift in Sources */ = {isa = PBXBuildFile; fileRef = CE3B82DD2CB1378700066EA9 /* LoginViewController.swift */; };
		CE3B82E02CB15B8B00066EA9 /* SenderMessageTableViewCell.swift in Sources */ = {isa = PBXBuildFile; fileRef = CE3B82DF2CB15B8B00066EA9 /* SenderMessageTableViewCell.swift */; };
		CE3B82E22CB2C82300066EA9 /* ReceiverMessageTableViewCell.swift in Sources */ = {isa = PBXBuildFile; fileRef = CE3B82E12CB2C82300066EA9 /* ReceiverMessageTableViewCell.swift */; };
		CE3B82E42CB302E400066EA9 /* AlertManager.swift in Sources */ = {isa = PBXBuildFile; fileRef = CE3B82E32CB302E400066EA9 /* AlertManager.swift */; };
		CE3B82E62CB3B5D800066EA9 /* CommonMethods.swift in Sources */ = {isa = PBXBuildFile; fileRef = CE3B82E52CB3B5D800066EA9 /* CommonMethods.swift */; };
		CE3B82E82CB3C25B00066EA9 /* MessageModel.swift in Sources */ = {isa = PBXBuildFile; fileRef = CE3B82E72CB3C25B00066EA9 /* MessageModel.swift */; };
		CE85B33C2CAFC67700474E8D /* AppDelegate.swift in Sources */ = {isa = PBXBuildFile; fileRef = CE85B33B2CAFC67700474E8D /* AppDelegate.swift */; };
		CE85B33E2CAFC67700474E8D /* SceneDelegate.swift in Sources */ = {isa = PBXBuildFile; fileRef = CE85B33D2CAFC67700474E8D /* SceneDelegate.swift */; };
		CE85B3402CAFC67700474E8D /* WelcomeViewController.swift in Sources */ = {isa = PBXBuildFile; fileRef = CE85B33F2CAFC67700474E8D /* WelcomeViewController.swift */; };
		CE85B3432CAFC67700474E8D /* Main.storyboard in Resources */ = {isa = PBXBuildFile; fileRef = CE85B3412CAFC67700474E8D /* Main.storyboard */; };
		CE85B3452CAFC67900474E8D /* Assets.xcassets in Resources */ = {isa = PBXBuildFile; fileRef = CE85B3442CAFC67900474E8D /* Assets.xcassets */; };
		CE85B3482CAFC67900474E8D /* LaunchScreen.storyboard in Resources */ = {isa = PBXBuildFile; fileRef = CE85B3462CAFC67900474E8D /* LaunchScreen.storyboard */; };
		CE85B3502CB0032200474E8D /* GoogleService-Info.plist in Resources */ = {isa = PBXBuildFile; fileRef = CE85B34F2CB0032100474E8D /* GoogleService-Info.plist */; };
		CE85B3542CB00D7400474E8D /* RegisterViewController.swift in Sources */ = {isa = PBXBuildFile; fileRef = CE85B3532CB00D7400474E8D /* RegisterViewController.swift */; };
		CE85B3572CB0125500474E8D /* ViewController.swift in Sources */ = {isa = PBXBuildFile; fileRef = CE85B3562CB0125500474E8D /* ViewController.swift */; };
		CE85B3592CB0170F00474E8D /* ChatViewController.swift in Sources */ = {isa = PBXBuildFile; fileRef = CE85B3582CB0170F00474E8D /* ChatViewController.swift */; };
/* End PBXBuildFile section */

/* Begin PBXFileReference section */
		5952A0CCAD95F820566A196D /* Pods-Bubbly.release.xcconfig */ = {isa = PBXFileReference; includeInIndex = 1; lastKnownFileType = text.xcconfig; name = "Pods-Bubbly.release.xcconfig"; path = "Target Support Files/Pods-Bubbly/Pods-Bubbly.release.xcconfig"; sourceTree = "<group>"; };
		7B84E2EECEA85903D77B818F /* Pods_Bubbly.framework */ = {isa = PBXFileReference; explicitFileType = wrapper.framework; includeInIndex = 0; path = Pods_Bubbly.framework; sourceTree = BUILT_PRODUCTS_DIR; };
		C8EAC54E4EC773668B343A17 /* Pods-Bubbly.debug.xcconfig */ = {isa = PBXFileReference; includeInIndex = 1; lastKnownFileType = text.xcconfig; name = "Pods-Bubbly.debug.xcconfig"; path = "Target Support Files/Pods-Bubbly/Pods-Bubbly.debug.xcconfig"; sourceTree = "<group>"; };
		CE3B82DD2CB1378700066EA9 /* LoginViewController.swift */ = {isa = PBXFileReference; lastKnownFileType = sourcecode.swift; path = LoginViewController.swift; sourceTree = "<group>"; };
		CE3B82DF2CB15B8B00066EA9 /* SenderMessageTableViewCell.swift */ = {isa = PBXFileReference; lastKnownFileType = sourcecode.swift; path = SenderMessageTableViewCell.swift; sourceTree = "<group>"; };
		CE3B82E12CB2C82300066EA9 /* ReceiverMessageTableViewCell.swift */ = {isa = PBXFileReference; lastKnownFileType = sourcecode.swift; path = ReceiverMessageTableViewCell.swift; sourceTree = "<group>"; };
		CE3B82E32CB302E400066EA9 /* AlertManager.swift */ = {isa = PBXFileReference; lastKnownFileType = sourcecode.swift; path = AlertManager.swift; sourceTree = "<group>"; };
		CE3B82E52CB3B5D800066EA9 /* CommonMethods.swift */ = {isa = PBXFileReference; lastKnownFileType = sourcecode.swift; path = CommonMethods.swift; sourceTree = "<group>"; };
		CE3B82E72CB3C25B00066EA9 /* MessageModel.swift */ = {isa = PBXFileReference; lastKnownFileType = sourcecode.swift; path = MessageModel.swift; sourceTree = "<group>"; };
		CE85B3382CAFC67700474E8D /* FlickTalk.app */ = {isa = PBXFileReference; explicitFileType = wrapper.application; includeInIndex = 0; path = FlickTalk.app; sourceTree = BUILT_PRODUCTS_DIR; };
		CE85B33B2CAFC67700474E8D /* AppDelegate.swift */ = {isa = PBXFileReference; lastKnownFileType = sourcecode.swift; path = AppDelegate.swift; sourceTree = "<group>"; };
		CE85B33D2CAFC67700474E8D /* SceneDelegate.swift */ = {isa = PBXFileReference; lastKnownFileType = sourcecode.swift; path = SceneDelegate.swift; sourceTree = "<group>"; };
		CE85B33F2CAFC67700474E8D /* WelcomeViewController.swift */ = {isa = PBXFileReference; lastKnownFileType = sourcecode.swift; path = WelcomeViewController.swift; sourceTree = "<group>"; };
		CE85B3422CAFC67700474E8D /* Base */ = {isa = PBXFileReference; lastKnownFileType = file.storyboard; name = Base; path = Base.lproj/Main.storyboard; sourceTree = "<group>"; };
		CE85B3442CAFC67900474E8D /* Assets.xcassets */ = {isa = PBXFileReference; lastKnownFileType = folder.assetcatalog; path = Assets.xcassets; sourceTree = "<group>"; };
		CE85B3472CAFC67900474E8D /* Base */ = {isa = PBXFileReference; lastKnownFileType = file.storyboard; name = Base; path = Base.lproj/LaunchScreen.storyboard; sourceTree = "<group>"; };
		CE85B3492CAFC67900474E8D /* Info.plist */ = {isa = PBXFileReference; lastKnownFileType = text.plist.xml; path = Info.plist; sourceTree = "<group>"; };
		CE85B34F2CB0032100474E8D /* GoogleService-Info.plist */ = {isa = PBXFileReference; fileEncoding = 4; lastKnownFileType = text.plist.xml; path = "GoogleService-Info.plist"; sourceTree = "<group>"; };
		CE85B3532CB00D7400474E8D /* RegisterViewController.swift */ = {isa = PBXFileReference; lastKnownFileType = sourcecode.swift; path = RegisterViewController.swift; sourceTree = "<group>"; };
		CE85B3562CB0125500474E8D /* ViewController.swift */ = {isa = PBXFileReference; lastKnownFileType = sourcecode.swift; path = ViewController.swift; sourceTree = "<group>"; };
		CE85B3582CB0170F00474E8D /* ChatViewController.swift */ = {isa = PBXFileReference; lastKnownFileType = sourcecode.swift; path = ChatViewController.swift; sourceTree = "<group>"; };
/* End PBXFileReference section */

/* Begin PBXFrameworksBuildPhase section */
		CE85B3352CAFC67700474E8D /* Frameworks */ = {
			isa = PBXFrameworksBuildPhase;
			buildActionMask = 2147483647;
			files = (
				5BDD91BC1F7604110512C693 /* Pods_Bubbly.framework in Frameworks */,
			);
			runOnlyForDeploymentPostprocessing = 0;
		};
/* End PBXFrameworksBuildPhase section */

/* Begin PBXGroup section */
		7C5F9197E3F734A08F6F1551 /* Pods */ = {
			isa = PBXGroup;
			children = (
				C8EAC54E4EC773668B343A17 /* Pods-Bubbly.debug.xcconfig */,
				5952A0CCAD95F820566A196D /* Pods-Bubbly.release.xcconfig */,
			);
			path = Pods;
			sourceTree = "<group>";
		};
		CE85B32F2CAFC67700474E8D = {
			isa = PBXGroup;
			children = (
				CE85B33A2CAFC67700474E8D /* Bubbly */,
				CE85B3392CAFC67700474E8D /* Products */,
				7C5F9197E3F734A08F6F1551 /* Pods */,
				EC1984D50F85EDBD1BD4344B /* Frameworks */,
			);
			sourceTree = "<group>";
		};
		CE85B3392CAFC67700474E8D /* Products */ = {
			isa = PBXGroup;
			children = (
				CE85B3382CAFC67700474E8D /* FlickTalk.app */,
			);
			name = Products;
			sourceTree = "<group>";
		};
		CE85B33A2CAFC67700474E8D /* Bubbly */ = {
			isa = PBXGroup;
			children = (
				CE85B33B2CAFC67700474E8D /* AppDelegate.swift */,
				CE85B33D2CAFC67700474E8D /* SceneDelegate.swift */,
				CE85B3412CAFC67700474E8D /* Main.storyboard */,
				CE85B33F2CAFC67700474E8D /* WelcomeViewController.swift */,
				CE85B3532CB00D7400474E8D /* RegisterViewController.swift */,
				CE3B82DD2CB1378700066EA9 /* LoginViewController.swift */,
				CE85B3582CB0170F00474E8D /* ChatViewController.swift */,
				CE3B82DF2CB15B8B00066EA9 /* SenderMessageTableViewCell.swift */,
				CE3B82E12CB2C82300066EA9 /* ReceiverMessageTableViewCell.swift */,
				CE3B82E32CB302E400066EA9 /* AlertManager.swift */,
				CE3B82E52CB3B5D800066EA9 /* CommonMethods.swift */,
				CE3B82E72CB3C25B00066EA9 /* MessageModel.swift */,
				CE85B3552CB0123D00474E8D /* Extensions */,
				CE85B3442CAFC67900474E8D /* Assets.xcassets */,
				CE85B3462CAFC67900474E8D /* LaunchScreen.storyboard */,
				CE85B34F2CB0032100474E8D /* GoogleService-Info.plist */,
				CE85B3492CAFC67900474E8D /* Info.plist */,
			);
			path = Bubbly;
			sourceTree = "<group>";
		};
		CE85B3552CB0123D00474E8D /* Extensions */ = {
			isa = PBXGroup;
			children = (
				CE85B3562CB0125500474E8D /* ViewController.swift */,
			);
			path = Extensions;
			sourceTree = "<group>";
		};
		EC1984D50F85EDBD1BD4344B /* Frameworks */ = {
			isa = PBXGroup;
			children = (
				7B84E2EECEA85903D77B818F /* Pods_Bubbly.framework */,
			);
			name = Frameworks;
			sourceTree = "<group>";
		};
/* End PBXGroup section */

/* Begin PBXNativeTarget section */
		CE85B3372CAFC67700474E8D /* FlickTalk */ = {
			isa = PBXNativeTarget;
			buildConfigurationList = CE85B34C2CAFC67900474E8D /* Build configuration list for PBXNativeTarget "FlickTalk" */;
			buildPhases = (
				7C1A3E496740072ACD080908 /* [CP] Check Pods Manifest.lock */,
				CE85B3342CAFC67700474E8D /* Sources */,
				CE85B3352CAFC67700474E8D /* Frameworks */,
				CE85B3362CAFC67700474E8D /* Resources */,
				49E37D3EB6B34271DD2196C4 /* [CP] Embed Pods Frameworks */,
			);
			buildRules = (
			);
			dependencies = (
			);
			name = FlickTalk;
			productName = Bubbly;
			productReference = CE85B3382CAFC67700474E8D /* FlickTalk.app */;
			productType = "com.apple.product-type.application";
		};
/* End PBXNativeTarget section */

/* Begin PBXProject section */
		CE85B3302CAFC67700474E8D /* Project object */ = {
			isa = PBXProject;
			attributes = {
				BuildIndependentTargetsInParallel = 1;
				LastSwiftUpdateCheck = 1500;
				LastUpgradeCheck = 1500;
				TargetAttributes = {
					CE85B3372CAFC67700474E8D = {
						CreatedOnToolsVersion = 15.0.1;
					};
				};
			};
			buildConfigurationList = CE85B3332CAFC67700474E8D /* Build configuration list for PBXProject "FlickTalk" */;
			compatibilityVersion = "Xcode 14.0";
			developmentRegion = en;
			hasScannedForEncodings = 0;
			knownRegions = (
				en,
				Base,
			);
			mainGroup = CE85B32F2CAFC67700474E8D;
			productRefGroup = CE85B3392CAFC67700474E8D /* Products */;
			projectDirPath = "";
			projectRoot = "";
			targets = (
				CE85B3372CAFC67700474E8D /* FlickTalk */,
			);
		};
/* End PBXProject section */

/* Begin PBXResourcesBuildPhase section */
		CE85B3362CAFC67700474E8D /* Resources */ = {
			isa = PBXResourcesBuildPhase;
			buildActionMask = 2147483647;
			files = (
				CE85B3482CAFC67900474E8D /* LaunchScreen.storyboard in Resources */,
				CE85B3502CB0032200474E8D /* GoogleService-Info.plist in Resources */,
				CE85B3452CAFC67900474E8D /* Assets.xcassets in Resources */,
				CE85B3432CAFC67700474E8D /* Main.storyboard in Resources */,
			);
			runOnlyForDeploymentPostprocessing = 0;
		};
/* End PBXResourcesBuildPhase section */

/* Begin PBXShellScriptBuildPhase section */
		49E37D3EB6B34271DD2196C4 /* [CP] Embed Pods Frameworks */ = {
			isa = PBXShellScriptBuildPhase;
			buildActionMask = 2147483647;
			files = (
			);
			inputFileListPaths = (
				"${PODS_ROOT}/Target Support Files/Pods-Bubbly/Pods-Bubbly-frameworks-${CONFIGURATION}-input-files.xcfilelist",
			);
			name = "[CP] Embed Pods Frameworks";
			outputFileListPaths = (
				"${PODS_ROOT}/Target Support Files/Pods-Bubbly/Pods-Bubbly-frameworks-${CONFIGURATION}-output-files.xcfilelist",
			);
			runOnlyForDeploymentPostprocessing = 0;
			shellPath = /bin/sh;
			shellScript = "\"${PODS_ROOT}/Target Support Files/Pods-Bubbly/Pods-Bubbly-frameworks.sh\"\n";
			showEnvVarsInLog = 0;
		};
		7C1A3E496740072ACD080908 /* [CP] Check Pods Manifest.lock */ = {
			isa = PBXShellScriptBuildPhase;
			buildActionMask = 2147483647;
			files = (
			);
			inputFileListPaths = (
			);
			inputPaths = (
				"${PODS_PODFILE_DIR_PATH}/Podfile.lock",
				"${PODS_ROOT}/Manifest.lock",
			);
			name = "[CP] Check Pods Manifest.lock";
			outputFileListPaths = (
			);
			outputPaths = (
				"$(DERIVED_FILE_DIR)/Pods-Bubbly-checkManifestLockResult.txt",
			);
			runOnlyForDeploymentPostprocessing = 0;
			shellPath = /bin/sh;
			shellScript = "diff \"${PODS_PODFILE_DIR_PATH}/Podfile.lock\" \"${PODS_ROOT}/Manifest.lock\" > /dev/null\nif [ $? != 0 ] ; then\n    # print error to STDERR\n    echo \"error: The sandbox is not in sync with the Podfile.lock. Run 'pod install' or update your CocoaPods installation.\" >&2\n    exit 1\nfi\n# This output is used by Xcode 'outputs' to avoid re-running this script phase.\necho \"SUCCESS\" > \"${SCRIPT_OUTPUT_FILE_0}\"\n";
			showEnvVarsInLog = 0;
		};
/* End PBXShellScriptBuildPhase section */

/* Begin PBXSourcesBuildPhase section */
		CE85B3342CAFC67700474E8D /* Sources */ = {
			isa = PBXSourcesBuildPhase;
			buildActionMask = 2147483647;
			files = (
				CE3B82E22CB2C82300066EA9 /* ReceiverMessageTableViewCell.swift in Sources */,
				CE3B82DE2CB1378700066EA9 /* LoginViewController.swift in Sources */,
				CE3B82E42CB302E400066EA9 /* AlertManager.swift in Sources */,
				CE85B3572CB0125500474E8D /* ViewController.swift in Sources */,
				CE85B3402CAFC67700474E8D /* WelcomeViewController.swift in Sources */,
				CE85B33C2CAFC67700474E8D /* AppDelegate.swift in Sources */,
				CE3B82E62CB3B5D800066EA9 /* CommonMethods.swift in Sources */,
				CE3B82E82CB3C25B00066EA9 /* MessageModel.swift in Sources */,
				CE85B33E2CAFC67700474E8D /* SceneDelegate.swift in Sources */,
				CE85B3592CB0170F00474E8D /* ChatViewController.swift in Sources */,
				CE85B3542CB00D7400474E8D /* RegisterViewController.swift in Sources */,
				CE3B82E02CB15B8B00066EA9 /* SenderMessageTableViewCell.swift in Sources */,
			);
			runOnlyForDeploymentPostprocessing = 0;
		};
/* End PBXSourcesBuildPhase section */

/* Begin PBXVariantGroup section */
		CE85B3412CAFC67700474E8D /* Main.storyboard */ = {
			isa = PBXVariantGroup;
			children = (
				CE85B3422CAFC67700474E8D /* Base */,
			);
			name = Main.storyboard;
			sourceTree = "<group>";
		};
		CE85B3462CAFC67900474E8D /* LaunchScreen.storyboard */ = {
			isa = PBXVariantGroup;
			children = (
				CE85B3472CAFC67900474E8D /* Base */,
			);
			name = LaunchScreen.storyboard;
			sourceTree = "<group>";
		};
/* End PBXVariantGroup section */

/* Begin XCBuildConfiguration section */
		CE85B34A2CAFC67900474E8D /* Debug */ = {
			isa = XCBuildConfiguration;
			buildSettings = {
				ALWAYS_SEARCH_USER_PATHS = NO;
				ASSETCATALOG_COMPILER_GENERATE_SWIFT_ASSET_SYMBOL_EXTENSIONS = YES;
				CLANG_ANALYZER_NONNULL = YES;
				CLANG_ANALYZER_NUMBER_OBJECT_CONVERSION = YES_AGGRESSIVE;
				CLANG_CXX_LANGUAGE_STANDARD = "gnu++20";
				CLANG_ENABLE_MODULES = YES;
				CLANG_ENABLE_OBJC_ARC = YES;
				CLANG_ENABLE_OBJC_WEAK = YES;
				CLANG_WARN_BLOCK_CAPTURE_AUTORELEASING = YES;
				CLANG_WARN_BOOL_CONVERSION = YES;
				CLANG_WARN_COMMA = YES;
				CLANG_WARN_CONSTANT_CONVERSION = YES;
				CLANG_WARN_DEPRECATED_OBJC_IMPLEMENTATIONS = YES;
				CLANG_WARN_DIRECT_OBJC_ISA_USAGE = YES_ERROR;
				CLANG_WARN_DOCUMENTATION_COMMENTS = YES;
				CLANG_WARN_EMPTY_BODY = YES;
				CLANG_WARN_ENUM_CONVERSION = YES;
				CLANG_WARN_INFINITE_RECURSION = YES;
				CLANG_WARN_INT_CONVERSION = YES;
				CLANG_WARN_NON_LITERAL_NULL_CONVERSION = YES;
				CLANG_WARN_OBJC_IMPLICIT_RETAIN_SELF = YES;
				CLANG_WARN_OBJC_LITERAL_CONVERSION = YES;
				CLANG_WARN_OBJC_ROOT_CLASS = YES_ERROR;
				CLANG_WARN_QUOTED_INCLUDE_IN_FRAMEWORK_HEADER = YES;
				CLANG_WARN_RANGE_LOOP_ANALYSIS = YES;
				CLANG_WARN_STRICT_PROTOTYPES = YES;
				CLANG_WARN_SUSPICIOUS_MOVE = YES;
				CLANG_WARN_UNGUARDED_AVAILABILITY = YES_AGGRESSIVE;
				CLANG_WARN_UNREACHABLE_CODE = YES;
				CLANG_WARN__DUPLICATE_METHOD_MATCH = YES;
				COPY_PHASE_STRIP = NO;
				DEBUG_INFORMATION_FORMAT = dwarf;
				ENABLE_STRICT_OBJC_MSGSEND = YES;
				ENABLE_TESTABILITY = YES;
				ENABLE_USER_SCRIPT_SANDBOXING = NO;
				GCC_C_LANGUAGE_STANDARD = gnu17;
				GCC_DYNAMIC_NO_PIC = NO;
				GCC_NO_COMMON_BLOCKS = YES;
				GCC_OPTIMIZATION_LEVEL = 0;
				GCC_PREPROCESSOR_DEFINITIONS = (
					"DEBUG=1",
					"$(inherited)",
				);
				GCC_WARN_64_TO_32_BIT_CONVERSION = YES;
				GCC_WARN_ABOUT_RETURN_TYPE = YES_ERROR;
				GCC_WARN_UNDECLARED_SELECTOR = YES;
				GCC_WARN_UNINITIALIZED_AUTOS = YES_AGGRESSIVE;
				GCC_WARN_UNUSED_FUNCTION = YES;
				GCC_WARN_UNUSED_VARIABLE = YES;
				IPHONEOS_DEPLOYMENT_TARGET = 17.0;
				LOCALIZATION_PREFERS_STRING_CATALOGS = YES;
				MTL_ENABLE_DEBUG_INFO = INCLUDE_SOURCE;
				MTL_FAST_MATH = YES;
				ONLY_ACTIVE_ARCH = YES;
				SDKROOT = iphoneos;
				SWIFT_ACTIVE_COMPILATION_CONDITIONS = "DEBUG $(inherited)";
				SWIFT_OPTIMIZATION_LEVEL = "-Onone";
			};
			name = Debug;
		};
		CE85B34B2CAFC67900474E8D /* Release */ = {
			isa = XCBuildConfiguration;
			buildSettings = {
				ALWAYS_SEARCH_USER_PATHS = NO;
				ASSETCATALOG_COMPILER_GENERATE_SWIFT_ASSET_SYMBOL_EXTENSIONS = YES;
				CLANG_ANALYZER_NONNULL = YES;
				CLANG_ANALYZER_NUMBER_OBJECT_CONVERSION = YES_AGGRESSIVE;
				CLANG_CXX_LANGUAGE_STANDARD = "gnu++20";
				CLANG_ENABLE_MODULES = YES;
				CLANG_ENABLE_OBJC_ARC = YES;
				CLANG_ENABLE_OBJC_WEAK = YES;
				CLANG_WARN_BLOCK_CAPTURE_AUTORELEASING = YES;
				CLANG_WARN_BOOL_CONVERSION = YES;
				CLANG_WARN_COMMA = YES;
				CLANG_WARN_CONSTANT_CONVERSION = YES;
				CLANG_WARN_DEPRECATED_OBJC_IMPLEMENTATIONS = YES;
				CLANG_WARN_DIRECT_OBJC_ISA_USAGE = YES_ERROR;
				CLANG_WARN_DOCUMENTATION_COMMENTS = YES;
				CLANG_WARN_EMPTY_BODY = YES;
				CLANG_WARN_ENUM_CONVERSION = YES;
				CLANG_WARN_INFINITE_RECURSION = YES;
				CLANG_WARN_INT_CONVERSION = YES;
				CLANG_WARN_NON_LITERAL_NULL_CONVERSION = YES;
				CLANG_WARN_OBJC_IMPLICIT_RETAIN_SELF = YES;
				CLANG_WARN_OBJC_LITERAL_CONVERSION = YES;
				CLANG_WARN_OBJC_ROOT_CLASS = YES_ERROR;
				CLANG_WARN_QUOTED_INCLUDE_IN_FRAMEWORK_HEADER = YES;
				CLANG_WARN_RANGE_LOOP_ANALYSIS = YES;
				CLANG_WARN_STRICT_PROTOTYPES = YES;
				CLANG_WARN_SUSPICIOUS_MOVE = YES;
				CLANG_WARN_UNGUARDED_AVAILABILITY = YES_AGGRESSIVE;
				CLANG_WARN_UNREACHABLE_CODE = YES;
				CLANG_WARN__DUPLICATE_METHOD_MATCH = YES;
				COPY_PHASE_STRIP = NO;
				DEBUG_INFORMATION_FORMAT = "dwarf-with-dsym";
				ENABLE_NS_ASSERTIONS = NO;
				ENABLE_STRICT_OBJC_MSGSEND = YES;
				ENABLE_USER_SCRIPT_SANDBOXING = NO;
				GCC_C_LANGUAGE_STANDARD = gnu17;
				GCC_NO_COMMON_BLOCKS = YES;
				GCC_WARN_64_TO_32_BIT_CONVERSION = YES;
				GCC_WARN_ABOUT_RETURN_TYPE = YES_ERROR;
				GCC_WARN_UNDECLARED_SELECTOR = YES;
				GCC_WARN_UNINITIALIZED_AUTOS = YES_AGGRESSIVE;
				GCC_WARN_UNUSED_FUNCTION = YES;
				GCC_WARN_UNUSED_VARIABLE = YES;
				IPHONEOS_DEPLOYMENT_TARGET = 17.0;
				LOCALIZATION_PREFERS_STRING_CATALOGS = YES;
				MTL_ENABLE_DEBUG_INFO = NO;
				MTL_FAST_MATH = YES;
				SDKROOT = iphoneos;
				SWIFT_COMPILATION_MODE = wholemodule;
				VALIDATE_PRODUCT = YES;
			};
			name = Release;
		};
		CE85B34D2CAFC67900474E8D /* Debug */ = {
			isa = XCBuildConfiguration;
			baseConfigurationReference = C8EAC54E4EC773668B343A17 /* Pods-Bubbly.debug.xcconfig */;
			buildSettings = {
				ASSETCATALOG_COMPILER_APPICON_NAME = AppIcon;
				ASSETCATALOG_COMPILER_GLOBAL_ACCENT_COLOR_NAME = AccentColor;
				CODE_SIGN_STYLE = Automatic;
				CURRENT_PROJECT_VERSION = 1;
				DEVELOPMENT_TEAM = 4Q92Z86L4P;
				GENERATE_INFOPLIST_FILE = YES;
				INFOPLIST_FILE = Bubbly/Info.plist;
				INFOPLIST_KEY_UIApplicationSupportsIndirectInputEvents = YES;
				INFOPLIST_KEY_UILaunchStoryboardName = LaunchScreen;
				INFOPLIST_KEY_UIMainStoryboardFile = Main;
				INFOPLIST_KEY_UISupportedInterfaceOrientations_iPad = "UIInterfaceOrientationPortrait UIInterfaceOrientationPortraitUpsideDown UIInterfaceOrientationLandscapeLeft UIInterfaceOrientationLandscapeRight";
				INFOPLIST_KEY_UISupportedInterfaceOrientations_iPhone = "UIInterfaceOrientationPortrait UIInterfaceOrientationLandscapeLeft UIInterfaceOrientationLandscapeRight";
				IPHONEOS_DEPLOYMENT_TARGET = 15.0;
				LD_RUNPATH_SEARCH_PATHS = (
					"$(inherited)",
					"@executable_path/Frameworks",
				);
				MARKETING_VERSION = 1.0;
				PRODUCT_BUNDLE_IDENTIFIER = com.Softprodigy.Bubbly;
				PRODUCT_NAME = FlickTalk;
				SWIFT_EMIT_LOC_STRINGS = YES;
				SWIFT_VERSION = 5.0;
				TARGETED_DEVICE_FAMILY = "1,2";
			};
			name = Debug;
		};
		CE85B34E2CAFC67900474E8D /* Release */ = {
			isa = XCBuildConfiguration;
			baseConfigurationReference = 5952A0CCAD95F820566A196D /* Pods-Bubbly.release.xcconfig */;
			buildSettings = {
				ASSETCATALOG_COMPILER_APPICON_NAME = AppIcon;
				ASSETCATALOG_COMPILER_GLOBAL_ACCENT_COLOR_NAME = AccentColor;
				CODE_SIGN_STYLE = Automatic;
				CURRENT_PROJECT_VERSION = 1;
				DEVELOPMENT_TEAM = 4Q92Z86L4P;
				GENERATE_INFOPLIST_FILE = YES;
				INFOPLIST_FILE = Bubbly/Info.plist;
				INFOPLIST_KEY_UIApplicationSupportsIndirectInputEvents = YES;
				INFOPLIST_KEY_UILaunchStoryboardName = LaunchScreen;
				INFOPLIST_KEY_UIMainStoryboardFile = Main;
				INFOPLIST_KEY_UISupportedInterfaceOrientations_iPad = "UIInterfaceOrientationPortrait UIInterfaceOrientationPortraitUpsideDown UIInterfaceOrientationLandscapeLeft UIInterfaceOrientationLandscapeRight";
				INFOPLIST_KEY_UISupportedInterfaceOrientations_iPhone = "UIInterfaceOrientationPortrait UIInterfaceOrientationLandscapeLeft UIInterfaceOrientationLandscapeRight";
				IPHONEOS_DEPLOYMENT_TARGET = 15.0;
				LD_RUNPATH_SEARCH_PATHS = (
					"$(inherited)",
					"@executable_path/Frameworks",
				);
				MARKETING_VERSION = 1.0;
				PRODUCT_BUNDLE_IDENTIFIER = com.Softprodigy.Bubbly;
				PRODUCT_NAME = FlickTalk;
				SWIFT_EMIT_LOC_STRINGS = YES;
				SWIFT_VERSION = 5.0;
				TARGETED_DEVICE_FAMILY = "1,2";
			};
			name = Release;
		};
/* End XCBuildConfiguration section */

/* Begin XCConfigurationList section */
		CE85B3332CAFC67700474E8D /* Build configuration list for PBXProject "FlickTalk" */ = {
			isa = XCConfigurationList;
			buildConfigurations = (
				CE85B34A2CAFC67900474E8D /* Debug */,
				CE85B34B2CAFC67900474E8D /* Release */,
			);
			defaultConfigurationIsVisible = 0;
			defaultConfigurationName = Release;
		};
		CE85B34C2CAFC67900474E8D /* Build configuration list for PBXNativeTarget "FlickTalk" */ = {
			isa = XCConfigurationList;
			buildConfigurations = (
				CE85B34D2CAFC67900474E8D /* Debug */,
				CE85B34E2CAFC67900474E8D /* Release */,
			);
			defaultConfigurationIsVisible = 0;
			defaultConfigurationName = Release;
		};
/* End XCConfigurationList section */
	};
	rootObject = CE85B3302CAFC67700474E8D /* Project object */;
}
